
Microsoft Visual Studio Solution File, Format Version 12.00
# Visual Studio Version 16
VisualStudioVersion = 16.0.28922.388
MinimumVisualStudioVersion = 10.0.40219.1
Project("{FAE04EC0-301F-11D3-BF4B-00C04F79EFBC}") = "LOLStatisticsManager", "LOLStatisticsManager\LOLStatisticsManager.csproj", "{52AA2E1C-440F-4FEB-B7AB-49CAE8C110F0}"
EndProject
Global
	GlobalSection(SolutionConfigurationPlatforms) = preSolution
		Debug|Any CPU = Debug|Any CPU
		Release|Any CPU = Release|Any CPU
	EndGlobalSection
	GlobalSection(ProjectConfigurationPlatforms) = postSolution
		{52AA2E1C-440F-4FEB-B7AB-49CAE8C110F0}.Debug|Any CPU.ActiveCfg = Debug|Any CPU
		{52AA2E1C-440F-4FEB-B7AB-49CAE8C110F0}.Debug|Any CPU.Build.0 = Debug|Any CPU
		{52AA2E1C-440F-4FEB-B7AB-49CAE8C110F0}.Release|Any CPU.ActiveCfg = Release|Any CPU
		{52AA2E1C-440F-4FEB-B7AB-49CAE8C110F0}.Release|Any CPU.Build.0 = Release|Any CPU
	EndGlobalSection
	GlobalSection(SolutionProperties) = preSolution
		HideSolutionNode = FALSE
	EndGlobalSection
	GlobalSection(ExtensibilityGlobals) = postSolution
		SolutionGuid = {B9941F42-00D0-4457-817A-7B37B6F82276}
	EndGlobalSection
EndGlobal
